
Microsoft Visual Studio Solution File, Format Version 12.00
# Visual Studio Version 16
VisualStudioVersion = 16.0.29728.190
MinimumVisualStudioVersion = 10.0.40219.1
Project("{FAE04EC0-301F-11D3-BF4B-00C04F79EFBC}") = "GAP.Seguros.Api", "GAP.Seguros.Api\GAP.Seguros.Api.csproj", "{C45228D9-49E5-4A07-B285-BAD96060F1DC}"
EndProject
Project("{FAE04EC0-301F-11D3-BF4B-00C04F79EFBC}") = "GAP.Seguros.Data", "GAP.Seguros.Data\GAP.Seguros.Data.csproj", "{40966448-F279-4AD2-8A9E-F70F3AFBB54A}"
EndProject
Project("{FAE04EC0-301F-11D3-BF4B-00C04F79EFBC}") = "GAP.Seguros.Business", "GAP.Seguros.Business\GAP.Seguros.Business.csproj", "{B64595EA-D180-4DEE-A878-46295E057386}"
EndProject
Project("{FAE04EC0-301F-11D3-BF4B-00C04F79EFBC}") = "GAP.Seguros.Utilities", "GAP.Seguros.Utilities\GAP.Seguros.Utilities.csproj", "{3E6049C3-C081-4B12-A80E-B618CF0EECB6}"
EndProject
Project("{FAE04EC0-301F-11D3-BF4B-00C04F79EFBC}") = "GAP.Seguros.Entities", "GAP.Seguros.Entities\GAP.Seguros.Entities.csproj", "{66288363-B2FB-45D8-9C87-CA4E9AF1EBE5}"
EndProject
Global
	GlobalSection(SolutionConfigurationPlatforms) = preSolution
		Debug|Any CPU = Debug|Any CPU
		Release|Any CPU = Release|Any CPU
	EndGlobalSection
	GlobalSection(ProjectConfigurationPlatforms) = postSolution
		{C45228D9-49E5-4A07-B285-BAD96060F1DC}.Debug|Any CPU.ActiveCfg = Debug|Any CPU
		{C45228D9-49E5-4A07-B285-BAD96060F1DC}.Debug|Any CPU.Build.0 = Debug|Any CPU
		{C45228D9-49E5-4A07-B285-BAD96060F1DC}.Release|Any CPU.ActiveCfg = Release|Any CPU
		{C45228D9-49E5-4A07-B285-BAD96060F1DC}.Release|Any CPU.Build.0 = Release|Any CPU
		{40966448-F279-4AD2-8A9E-F70F3AFBB54A}.Debug|Any CPU.ActiveCfg = Debug|Any CPU
		{40966448-F279-4AD2-8A9E-F70F3AFBB54A}.Debug|Any CPU.Build.0 = Debug|Any CPU
		{40966448-F279-4AD2-8A9E-F70F3AFBB54A}.Release|Any CPU.ActiveCfg = Release|Any CPU
		{40966448-F279-4AD2-8A9E-F70F3AFBB54A}.Release|Any CPU.Build.0 = Release|Any CPU
		{B64595EA-D180-4DEE-A878-46295E057386}.Debug|Any CPU.ActiveCfg = Debug|Any CPU
		{B64595EA-D180-4DEE-A878-46295E057386}.Debug|Any CPU.Build.0 = Debug|Any CPU
		{B64595EA-D180-4DEE-A878-46295E057386}.Release|Any CPU.ActiveCfg = Release|Any CPU
		{B64595EA-D180-4DEE-A878-46295E057386}.Release|Any CPU.Build.0 = Release|Any CPU
		{3E6049C3-C081-4B12-A80E-B618CF0EECB6}.Debug|Any CPU.ActiveCfg = Debug|Any CPU
		{3E6049C3-C081-4B12-A80E-B618CF0EECB6}.Debug|Any CPU.Build.0 = Debug|Any CPU
		{3E6049C3-C081-4B12-A80E-B618CF0EECB6}.Release|Any CPU.ActiveCfg = Release|Any CPU
		{3E6049C3-C081-4B12-A80E-B618CF0EECB6}.Release|Any CPU.Build.0 = Release|Any CPU
		{66288363-B2FB-45D8-9C87-CA4E9AF1EBE5}.Debug|Any CPU.ActiveCfg = Debug|Any CPU
		{66288363-B2FB-45D8-9C87-CA4E9AF1EBE5}.Debug|Any CPU.Build.0 = Debug|Any CPU
		{66288363-B2FB-45D8-9C87-CA4E9AF1EBE5}.Release|Any CPU.ActiveCfg = Release|Any CPU
		{66288363-B2FB-45D8-9C87-CA4E9AF1EBE5}.Release|Any CPU.Build.0 = Release|Any CPU
	EndGlobalSection
	GlobalSection(SolutionProperties) = preSolution
		HideSolutionNode = FALSE
	EndGlobalSection
	GlobalSection(ExtensibilityGlobals) = postSolution
		SolutionGuid = {5F0A882B-A120-4787-B328-182D9600EA92}
	EndGlobalSection
EndGlobal
